
Microsoft Visual Studio Solution File, Format Version 12.00
# Visual Studio 15
VisualStudioVersion = 15.0.28307.1082
MinimumVisualStudioVersion = 10.0.40219.1
Project("{8BC9CEB8-8B4A-11D0-8D11-00A0C91BC942}") = "DataContainers", "DataContainers\DataContainers.vcxproj", "{1C1EB455-6731-4069-BF3F-FD860FAF76D3}"
EndProject
Project("{8BC9CEB8-8B4A-11D0-8D11-00A0C91BC942}") = "ForwardList", "ForwardList\ForwardList.vcxproj", "{E1BD81C5-8B53-4014-96EA-8835D5FCEDCE}"
EndProject
Project("{8BC9CEB8-8B4A-11D0-8D11-00A0C91BC942}") = "List2", "List2\List2.vcxproj", "{93AF5C82-9E4A-4534-84D4-CBB348440A63}"
EndProject
Global
	GlobalSection(SolutionConfigurationPlatforms) = preSolution
		Debug|x64 = Debug|x64
		Debug|x86 = Debug|x86
		Release|x64 = Release|x64
		Release|x86 = Release|x86
	EndGlobalSection
	GlobalSection(ProjectConfigurationPlatforms) = postSolution
		{1C1EB455-6731-4069-BF3F-FD860FAF76D3}.Debug|x64.ActiveCfg = Debug|x64
		{1C1EB455-6731-4069-BF3F-FD860FAF76D3}.Debug|x64.Build.0 = Debug|x64
		{1C1EB455-6731-4069-BF3F-FD860FAF76D3}.Debug|x86.ActiveCfg = Debug|Win32
		{1C1EB455-6731-4069-BF3F-FD860FAF76D3}.Debug|x86.Build.0 = Debug|Win32
		{1C1EB455-6731-4069-BF3F-FD860FAF76D3}.Release|x64.ActiveCfg = Release|x64
		{1C1EB455-6731-4069-BF3F-FD860FAF76D3}.Release|x64.Build.0 = Release|x64
		{1C1EB455-6731-4069-BF3F-FD860FAF76D3}.Release|x86.ActiveCfg = Release|Win32
		{1C1EB455-6731-4069-BF3F-FD860FAF76D3}.Release|x86.Build.0 = Release|Win32
		{E1BD81C5-8B53-4014-96EA-8835D5FCEDCE}.Debug|x64.ActiveCfg = Debug|x64
		{E1BD81C5-8B53-4014-96EA-8835D5FCEDCE}.Debug|x64.Build.0 = Debug|x64
		{E1BD81C5-8B53-4014-96EA-8835D5FCEDCE}.Debug|x86.ActiveCfg = Debug|Win32
		{E1BD81C5-8B53-4014-96EA-8835D5FCEDCE}.Debug|x86.Build.0 = Debug|Win32
		{E1BD81C5-8B53-4014-96EA-8835D5FCEDCE}.Release|x64.ActiveCfg = Release|x64
		{E1BD81C5-8B53-4014-96EA-8835D5FCEDCE}.Release|x64.Build.0 = Release|x64
		{E1BD81C5-8B53-4014-96EA-8835D5FCEDCE}.Release|x86.ActiveCfg = Release|Win32
		{E1BD81C5-8B53-4014-96EA-8835D5FCEDCE}.Release|x86.Build.0 = Release|Win32
		{93AF5C82-9E4A-4534-84D4-CBB348440A63}.Debug|x64.ActiveCfg = Debug|x64
		{93AF5C82-9E4A-4534-84D4-CBB348440A63}.Debug|x64.Build.0 = Debug|x64
		{93AF5C82-9E4A-4534-84D4-CBB348440A63}.Debug|x86.ActiveCfg = Debug|Win32
		{93AF5C82-9E4A-4534-84D4-CBB348440A63}.Debug|x86.Build.0 = Debug|Win32
		{93AF5C82-9E4A-4534-84D4-CBB348440A63}.Release|x64.ActiveCfg = Release|x64
		{93AF5C82-9E4A-4534-84D4-CBB348440A63}.Release|x64.Build.0 = Release|x64
		{93AF5C82-9E4A-4534-84D4-CBB348440A63}.Release|x86.ActiveCfg = Release|Win32
		{93AF5C82-9E4A-4534-84D4-CBB348440A63}.Release|x86.Build.0 = Release|Win32
	EndGlobalSection
	GlobalSection(SolutionProperties) = preSolution
		HideSolutionNode = FALSE
	EndGlobalSection
	GlobalSection(ExtensibilityGlobals) = postSolution
		SolutionGuid = {EC73CAE5-FA31-4BEC-879F-6B8EBEEC4252}
	EndGlobalSection
EndGlobal
