
Microsoft Visual Studio Solution File, Format Version 12.00
# Visual Studio 15
VisualStudioVersion = 15.0.28307.1082
MinimumVisualStudioVersion = 10.0.40219.1
Project("{8BC9CEB8-8B4A-11D0-8D11-00A0C91BC942}") = "IntroductionToOOP", "IntroductionToOOP\IntroductionToOOP.vcxproj", "{B5E724EE-43EF-4DA7-B035-1F46DE367AC0}"
EndProject
Global
	GlobalSection(SolutionConfigurationPlatforms) = preSolution
		Debug|x64 = Debug|x64
		Debug|x86 = Debug|x86
		Release|x64 = Release|x64
		Release|x86 = Release|x86
	EndGlobalSection
	GlobalSection(ProjectConfigurationPlatforms) = postSolution
		{B5E724EE-43EF-4DA7-B035-1F46DE367AC0}.Debug|x64.ActiveCfg = Debug|x64
		{B5E724EE-43EF-4DA7-B035-1F46DE367AC0}.Debug|x64.Build.0 = Debug|x64
		{B5E724EE-43EF-4DA7-B035-1F46DE367AC0}.Debug|x86.ActiveCfg = Debug|Win32
		{B5E724EE-43EF-4DA7-B035-1F46DE367AC0}.Debug|x86.Build.0 = Debug|Win32
		{B5E724EE-43EF-4DA7-B035-1F46DE367AC0}.Release|x64.ActiveCfg = Release|x64
		{B5E724EE-43EF-4DA7-B035-1F46DE367AC0}.Release|x64.Build.0 = Release|x64
		{B5E724EE-43EF-4DA7-B035-1F46DE367AC0}.Release|x86.ActiveCfg = Release|Win32
		{B5E724EE-43EF-4DA7-B035-1F46DE367AC0}.Release|x86.Build.0 = Release|Win32
	EndGlobalSection
	GlobalSection(SolutionProperties) = preSolution
		HideSolutionNode = FALSE
	EndGlobalSection
	GlobalSection(ExtensibilityGlobals) = postSolution
		SolutionGuid = {A2505393-5D89-441D-B834-57817C62750F}
	EndGlobalSection
EndGlobal
